
Microsoft Visual Studio Solution File, Format Version 12.00
# Visual Studio Version 17
VisualStudioVersion = 17.11.35208.52
MinimumVisualStudioVersion = 10.0.40219.1
Project("{FAE04EC0-301F-11D3-BF4B-00C04F79EFBC}") = "if-gui", "if-gui\if-gui.csproj", "{D99A8444-D3EC-48C0-8535-1CF9570554E4}"
EndProject
Global
	GlobalSection(SolutionConfigurationPlatforms) = preSolution
		Debug|Any CPU = Debug|Any CPU
		Release|Any CPU = Release|Any CPU
	EndGlobalSection
	GlobalSection(ProjectConfigurationPlatforms) = postSolution
		{D99A8444-D3EC-48C0-8535-1CF9570554E4}.Debug|Any CPU.ActiveCfg = Debug|Any CPU
		{D99A8444-D3EC-48C0-8535-1CF9570554E4}.Debug|Any CPU.Build.0 = Debug|Any CPU
		{D99A8444-D3EC-48C0-8535-1CF9570554E4}.Release|Any CPU.ActiveCfg = Release|Any CPU
		{D99A8444-D3EC-48C0-8535-1CF9570554E4}.Release|Any CPU.Build.0 = Release|Any CPU
	EndGlobalSection
	GlobalSection(SolutionProperties) = preSolution
		HideSolutionNode = FALSE
	EndGlobalSection
	GlobalSection(ExtensibilityGlobals) = postSolution
		SolutionGuid = {6A6E9E77-6B0A-460F-AE7D-8E2379694A53}
	EndGlobalSection
EndGlobal
