
Microsoft Visual Studio Solution File, Format Version 12.00
# Visual Studio Version 17
VisualStudioVersion = 17.8.34330.188
MinimumVisualStudioVersion = 10.0.40219.1
Project("{FAE04EC0-301F-11D3-BF4B-00C04F79EFBC}") = "if", "if\if.csproj", "{C56BD13A-D3E6-40F4-8047-66C0946A87BE}"
EndProject
Project("{FAE04EC0-301F-11D3-BF4B-00C04F79EFBC}") = "ifTests", "ifTests\ifTests.csproj", "{901F990B-A932-490F-9B13-E672C8B2C118}"
EndProject
Global
	GlobalSection(SolutionConfigurationPlatforms) = preSolution
		Debug|Any CPU = Debug|Any CPU
		Release|Any CPU = Release|Any CPU
	EndGlobalSection
	GlobalSection(ProjectConfigurationPlatforms) = postSolution
		{C56BD13A-D3E6-40F4-8047-66C0946A87BE}.Debug|Any CPU.ActiveCfg = Debug|Any CPU
		{C56BD13A-D3E6-40F4-8047-66C0946A87BE}.Debug|Any CPU.Build.0 = Debug|Any CPU
		{C56BD13A-D3E6-40F4-8047-66C0946A87BE}.Release|Any CPU.ActiveCfg = Release|Any CPU
		{C56BD13A-D3E6-40F4-8047-66C0946A87BE}.Release|Any CPU.Build.0 = Release|Any CPU
		{901F990B-A932-490F-9B13-E672C8B2C118}.Debug|Any CPU.ActiveCfg = Debug|Any CPU
		{901F990B-A932-490F-9B13-E672C8B2C118}.Debug|Any CPU.Build.0 = Debug|Any CPU
		{901F990B-A932-490F-9B13-E672C8B2C118}.Release|Any CPU.ActiveCfg = Release|Any CPU
		{901F990B-A932-490F-9B13-E672C8B2C118}.Release|Any CPU.Build.0 = Release|Any CPU
	EndGlobalSection
	GlobalSection(SolutionProperties) = preSolution
		HideSolutionNode = FALSE
	EndGlobalSection
	GlobalSection(ExtensibilityGlobals) = postSolution
		SolutionGuid = {BFE5A31D-D991-4EFD-A766-543B5C257BAF}
	EndGlobalSection
EndGlobal
