
Microsoft Visual Studio Solution File, Format Version 12.00
# Visual Studio Version 17
VisualStudioVersion = 17.8.34330.188
MinimumVisualStudioVersion = 10.0.40219.1
Project("{FAE04EC0-301F-11D3-BF4B-00C04F79EFBC}") = "for", "for\for.csproj", "{7ECCC088-8130-4CC1-93D7-E4F70E557DC0}"
EndProject
Project("{FAE04EC0-301F-11D3-BF4B-00C04F79EFBC}") = "forTests", "forTests\forTests.csproj", "{7249D0A7-F778-422F-BF2C-7EB91A4ABAF6}"
EndProject
Global
	GlobalSection(SolutionConfigurationPlatforms) = preSolution
		Debug|Any CPU = Debug|Any CPU
		Release|Any CPU = Release|Any CPU
	EndGlobalSection
	GlobalSection(ProjectConfigurationPlatforms) = postSolution
		{7ECCC088-8130-4CC1-93D7-E4F70E557DC0}.Debug|Any CPU.ActiveCfg = Debug|Any CPU
		{7ECCC088-8130-4CC1-93D7-E4F70E557DC0}.Debug|Any CPU.Build.0 = Debug|Any CPU
		{7ECCC088-8130-4CC1-93D7-E4F70E557DC0}.Release|Any CPU.ActiveCfg = Release|Any CPU
		{7ECCC088-8130-4CC1-93D7-E4F70E557DC0}.Release|Any CPU.Build.0 = Release|Any CPU
		{7249D0A7-F778-422F-BF2C-7EB91A4ABAF6}.Debug|Any CPU.ActiveCfg = Debug|Any CPU
		{7249D0A7-F778-422F-BF2C-7EB91A4ABAF6}.Debug|Any CPU.Build.0 = Debug|Any CPU
		{7249D0A7-F778-422F-BF2C-7EB91A4ABAF6}.Release|Any CPU.ActiveCfg = Release|Any CPU
		{7249D0A7-F778-422F-BF2C-7EB91A4ABAF6}.Release|Any CPU.Build.0 = Release|Any CPU
	EndGlobalSection
	GlobalSection(SolutionProperties) = preSolution
		HideSolutionNode = FALSE
	EndGlobalSection
	GlobalSection(ExtensibilityGlobals) = postSolution
		SolutionGuid = {1D38B82C-768F-449A-9FAB-90397B71BDB9}
	EndGlobalSection
EndGlobal
