
Microsoft Visual Studio Solution File, Format Version 12.00
# Visual Studio Version 17
VisualStudioVersion = 17.11.35208.52
MinimumVisualStudioVersion = 10.0.40219.1
Project("{FAE04EC0-301F-11D3-BF4B-00C04F79EFBC}") = "particles-lab6", "particles-lab6\particles-lab6.csproj", "{F67CF85F-7DD5-474D-A6B5-A823B1E4D974}"
EndProject
Global
	GlobalSection(SolutionConfigurationPlatforms) = preSolution
		Debug|Any CPU = Debug|Any CPU
		Release|Any CPU = Release|Any CPU
	EndGlobalSection
	GlobalSection(ProjectConfigurationPlatforms) = postSolution
		{F67CF85F-7DD5-474D-A6B5-A823B1E4D974}.Debug|Any CPU.ActiveCfg = Debug|Any CPU
		{F67CF85F-7DD5-474D-A6B5-A823B1E4D974}.Debug|Any CPU.Build.0 = Debug|Any CPU
		{F67CF85F-7DD5-474D-A6B5-A823B1E4D974}.Release|Any CPU.ActiveCfg = Release|Any CPU
		{F67CF85F-7DD5-474D-A6B5-A823B1E4D974}.Release|Any CPU.Build.0 = Release|Any CPU
	EndGlobalSection
	GlobalSection(SolutionProperties) = preSolution
		HideSolutionNode = FALSE
	EndGlobalSection
	GlobalSection(ExtensibilityGlobals) = postSolution
		SolutionGuid = {3826D2B2-611B-44FE-8B03-B4AF07389799}
	EndGlobalSection
EndGlobal
